// !$*UTF8*$!
{
	archiveVersion = 1;
	classes = {
	};
	objectVersion = 46;
	objects = {

/* Begin PBXBuildFile section */
		8229F409F7EC5CB11C29E7B2 /* Pods_huriwake.framework in Frameworks */ = {isa = PBXBuildFile; fileRef = 1E9784C5040ACB29D17496A9 /* Pods_huriwake.framework */; };
		F923757420525D590024436E /* icon.png in Resources */ = {isa = PBXBuildFile; fileRef = F923757320525D580024436E /* icon.png */; };
		F923757A205285D30024436E /* icon1.png in Resources */ = {isa = PBXBuildFile; fileRef = F9237579205285D30024436E /* icon1.png */; };
		F923757C2052868E0024436E /* icon2.png in Resources */ = {isa = PBXBuildFile; fileRef = F923757B2052868E0024436E /* icon2.png */; };
		F92375842052DE340024436E /* MyTabBarController.swift in Sources */ = {isa = PBXBuildFile; fileRef = F92375832052DE340024436E /* MyTabBarController.swift */; };
		F92375A42057A3670024436E /* Icon-App-57x57@1x.png in Resources */ = {isa = PBXBuildFile; fileRef = F92375882057A3670024436E /* Icon-App-57x57@1x.png */; };
		F92375A52057A3670024436E /* Icon-App-76x76@2x.png in Resources */ = {isa = PBXBuildFile; fileRef = F92375892057A3670024436E /* Icon-App-76x76@2x.png */; };
		F92375A62057A3670024436E /* Icon-App-29x29@1x.png in Resources */ = {isa = PBXBuildFile; fileRef = F923758A2057A3670024436E /* Icon-App-29x29@1x.png */; };
		F92375A72057A3670024436E /* Icon-App-60x60@1x.png in Resources */ = {isa = PBXBuildFile; fileRef = F923758B2057A3670024436E /* Icon-App-60x60@1x.png */; };
		F92375A82057A3670024436E /* Icon-Small-50x50@2x.png in Resources */ = {isa = PBXBuildFile; fileRef = F923758C2057A3670024436E /* Icon-Small-50x50@2x.png */; };
		F92375A92057A3670024436E /* Icon-App-40x40@1x.png in Resources */ = {isa = PBXBuildFile; fileRef = F923758D2057A3670024436E /* Icon-App-40x40@1x.png */; };
		F92375AA2057A3670024436E /* Icon-App-76x76@3x.png in Resources */ = {isa = PBXBuildFile; fileRef = F923758E2057A3670024436E /* Icon-App-76x76@3x.png */; };
		F92375AB2057A3670024436E /* Icon-App-72x72@1x.png in Resources */ = {isa = PBXBuildFile; fileRef = F923758F2057A3670024436E /* Icon-App-72x72@1x.png */; };
		F92375AC2057A3670024436E /* Icon-App-20x20@1x.png in Resources */ = {isa = PBXBuildFile; fileRef = F92375902057A3670024436E /* Icon-App-20x20@1x.png */; };
		F92375AD2057A3670024436E /* Icon-App-83.5x83.5@2x.png in Resources */ = {isa = PBXBuildFile; fileRef = F92375912057A3670024436E /* Icon-App-83.5x83.5@2x.png */; };
		F92375AE2057A3670024436E /* Icon-App-20x20@3x.png in Resources */ = {isa = PBXBuildFile; fileRef = F92375922057A3670024436E /* Icon-App-20x20@3x.png */; };
		F92375AF2057A3670024436E /* ItunesArtwork@2x.png in Resources */ = {isa = PBXBuildFile; fileRef = F92375932057A3670024436E /* ItunesArtwork@2x.png */; };
		F92375B02057A3670024436E /* Contents.json in Resources */ = {isa = PBXBuildFile; fileRef = F92375942057A3670024436E /* Contents.json */; };
		F92375B12057A3670024436E /* Icon-App-20x20@2x.png in Resources */ = {isa = PBXBuildFile; fileRef = F92375952057A3670024436E /* Icon-App-20x20@2x.png */; };
		F92375B22057A3670024436E /* Icon-App-29x29@3x.png in Resources */ = {isa = PBXBuildFile; fileRef = F92375962057A3670024436E /* Icon-App-29x29@3x.png */; };
		F92375B32057A3670024436E /* Icon-App-40x40@2x.png in Resources */ = {isa = PBXBuildFile; fileRef = F92375972057A3670024436E /* Icon-App-40x40@2x.png */; };
		F92375B42057A3670024436E /* Icon-App-72x72@2x.png in Resources */ = {isa = PBXBuildFile; fileRef = F92375982057A3670024436E /* Icon-App-72x72@2x.png */; };
		F92375B52057A3670024436E /* Icon-App-60x60@3x.png in Resources */ = {isa = PBXBuildFile; fileRef = F92375992057A3670024436E /* Icon-App-60x60@3x.png */; };
		F92375B62057A3670024436E /* Icon-Small-50x50@1x.png in Resources */ = {isa = PBXBuildFile; fileRef = F923759A2057A3670024436E /* Icon-Small-50x50@1x.png */; };
		F92375B72057A3670024436E /* Icon-App-60x60@2x.png in Resources */ = {isa = PBXBuildFile; fileRef = F923759B2057A3670024436E /* Icon-App-60x60@2x.png */; };
		F92375B82057A3670024436E /* Icon-App-57x57@2x.png in Resources */ = {isa = PBXBuildFile; fileRef = F923759C2057A3670024436E /* Icon-App-57x57@2x.png */; };
		F92375B92057A3670024436E /* Icon-App-76x76@1x.png in Resources */ = {isa = PBXBuildFile; fileRef = F923759D2057A3670024436E /* Icon-App-76x76@1x.png */; };
		F92375BA2057A3670024436E /* Icon-App-40x40@3x.png in Resources */ = {isa = PBXBuildFile; fileRef = F923759E2057A3670024436E /* Icon-App-40x40@3x.png */; };
		F92375BB2057A3670024436E /* Icon-App-29x29@2x.png in Resources */ = {isa = PBXBuildFile; fileRef = F923759F2057A3670024436E /* Icon-App-29x29@2x.png */; };
		F92375BC2057A3670024436E /* README.md in Resources */ = {isa = PBXBuildFile; fileRef = F92375A02057A3670024436E /* README.md */; };
		F935554B201200DE00268ECE /* Result.swift in Sources */ = {isa = PBXBuildFile; fileRef = F935554A201200DE00268ECE /* Result.swift */; };
		F94F3D881F4960E900509A42 /* AppDelegate.swift in Sources */ = {isa = PBXBuildFile; fileRef = F94F3D871F4960E900509A42 /* AppDelegate.swift */; };
		F94F3D8A1F4960E900509A42 /* ViewController.swift in Sources */ = {isa = PBXBuildFile; fileRef = F94F3D891F4960E900509A42 /* ViewController.swift */; };
		F94F3D8D1F4960E900509A42 /* Main.storyboard in Resources */ = {isa = PBXBuildFile; fileRef = F94F3D8B1F4960E900509A42 /* Main.storyboard */; };
		F94F3D8F1F4960E900509A42 /* Assets.xcassets in Resources */ = {isa = PBXBuildFile; fileRef = F94F3D8E1F4960E900509A42 /* Assets.xcassets */; };
		F94F3D921F4960E900509A42 /* LaunchScreen.storyboard in Resources */ = {isa = PBXBuildFile; fileRef = F94F3D901F4960E900509A42 /* LaunchScreen.storyboard */; };
		F94F3D9A1F49627900509A42 /* kekkaViewController.swift in Sources */ = {isa = PBXBuildFile; fileRef = F94F3D991F49627900509A42 /* kekkaViewController.swift */; };
		F94F3D9C1F497CE900509A42 /* haikei.png in Resources */ = {isa = PBXBuildFile; fileRef = F94F3D9B1F497CE900509A42 /* haikei.png */; };
		F971317F201A14C300FAD8AD /* CallenderViewController.swift in Sources */ = {isa = PBXBuildFile; fileRef = F971317E201A14C300FAD8AD /* CallenderViewController.swift */; };
		F992D0E91FDAA88F00C9B0ED /* DaychooseViewController.swift in Sources */ = {isa = PBXBuildFile; fileRef = F992D0E81FDAA88F00C9B0ED /* DaychooseViewController.swift */; };
/* End PBXBuildFile section */

/* Begin PBXFileReference section */
		1E9784C5040ACB29D17496A9 /* Pods_huriwake.framework */ = {isa = PBXFileReference; explicitFileType = wrapper.framework; includeInIndex = 0; path = Pods_huriwake.framework; sourceTree = BUILT_PRODUCTS_DIR; };
		38972CD7962D3AFE037E1649 /* Pods-huriwake.debug.xcconfig */ = {isa = PBXFileReference; includeInIndex = 1; lastKnownFileType = text.xcconfig; name = "Pods-huriwake.debug.xcconfig"; path = "Pods/Target Support Files/Pods-huriwake/Pods-huriwake.debug.xcconfig"; sourceTree = "<group>"; };
		52580C6391353FE0941D66B2 /* Pods-huriwake.release.xcconfig */ = {isa = PBXFileReference; includeInIndex = 1; lastKnownFileType = text.xcconfig; name = "Pods-huriwake.release.xcconfig"; path = "Pods/Target Support Files/Pods-huriwake/Pods-huriwake.release.xcconfig"; sourceTree = "<group>"; };
		F923757320525D580024436E /* icon.png */ = {isa = PBXFileReference; lastKnownFileType = image.png; path = icon.png; sourceTree = "<group>"; };
		F9237579205285D30024436E /* icon1.png */ = {isa = PBXFileReference; lastKnownFileType = image.png; path = icon1.png; sourceTree = "<group>"; };
		F923757B2052868E0024436E /* icon2.png */ = {isa = PBXFileReference; lastKnownFileType = image.png; path = icon2.png; sourceTree = "<group>"; };
		F92375832052DE340024436E /* MyTabBarController.swift */ = {isa = PBXFileReference; lastKnownFileType = sourcecode.swift; path = MyTabBarController.swift; sourceTree = "<group>"; };
		F92375882057A3670024436E /* Icon-App-57x57@1x.png */ = {isa = PBXFileReference; lastKnownFileType = image.png; path = "Icon-App-57x57@1x.png"; sourceTree = "<group>"; };
		F92375892057A3670024436E /* Icon-App-76x76@2x.png */ = {isa = PBXFileReference; lastKnownFileType = image.png; path = "Icon-App-76x76@2x.png"; sourceTree = "<group>"; };
		F923758A2057A3670024436E /* Icon-App-29x29@1x.png */ = {isa = PBXFileReference; lastKnownFileType = image.png; path = "Icon-App-29x29@1x.png"; sourceTree = "<group>"; };
		F923758B2057A3670024436E /* Icon-App-60x60@1x.png */ = {isa = PBXFileReference; lastKnownFileType = image.png; path = "Icon-App-60x60@1x.png"; sourceTree = "<group>"; };
		F923758C2057A3670024436E /* Icon-Small-50x50@2x.png */ = {isa = PBXFileReference; lastKnownFileType = image.png; path = "Icon-Small-50x50@2x.png"; sourceTree = "<group>"; };
		F923758D2057A3670024436E /* Icon-App-40x40@1x.png */ = {isa = PBXFileReference; lastKnownFileType = image.png; path = "Icon-App-40x40@1x.png"; sourceTree = "<group>"; };
		F923758E2057A3670024436E /* Icon-App-76x76@3x.png */ = {isa = PBXFileReference; lastKnownFileType = image.png; path = "Icon-App-76x76@3x.png"; sourceTree = "<group>"; };
		F923758F2057A3670024436E /* Icon-App-72x72@1x.png */ = {isa = PBXFileReference; lastKnownFileType = image.png; path = "Icon-App-72x72@1x.png"; sourceTree = "<group>"; };
		F92375902057A3670024436E /* Icon-App-20x20@1x.png */ = {isa = PBXFileReference; lastKnownFileType = image.png; path = "Icon-App-20x20@1x.png"; sourceTree = "<group>"; };
		F92375912057A3670024436E /* Icon-App-83.5x83.5@2x.png */ = {isa = PBXFileReference; lastKnownFileType = image.png; path = "Icon-App-83.5x83.5@2x.png"; sourceTree = "<group>"; };
		F92375922057A3670024436E /* Icon-App-20x20@3x.png */ = {isa = PBXFileReference; lastKnownFileType = image.png; path = "Icon-App-20x20@3x.png"; sourceTree = "<group>"; };
		F92375932057A3670024436E /* ItunesArtwork@2x.png */ = {isa = PBXFileReference; lastKnownFileType = image.png; path = "ItunesArtwork@2x.png"; sourceTree = "<group>"; };
		F92375942057A3670024436E /* Contents.json */ = {isa = PBXFileReference; fileEncoding = 4; lastKnownFileType = text.json; path = Contents.json; sourceTree = "<group>"; };
		F92375952057A3670024436E /* Icon-App-20x20@2x.png */ = {isa = PBXFileReference; lastKnownFileType = image.png; path = "Icon-App-20x20@2x.png"; sourceTree = "<group>"; };
		F92375962057A3670024436E /* Icon-App-29x29@3x.png */ = {isa = PBXFileReference; lastKnownFileType = image.png; path = "Icon-App-29x29@3x.png"; sourceTree = "<group>"; };
		F92375972057A3670024436E /* Icon-App-40x40@2x.png */ = {isa = PBXFileReference; lastKnownFileType = image.png; path = "Icon-App-40x40@2x.png"; sourceTree = "<group>"; };
		F92375982057A3670024436E /* Icon-App-72x72@2x.png */ = {isa = PBXFileReference; lastKnownFileType = image.png; path = "Icon-App-72x72@2x.png"; sourceTree = "<group>"; };
		F92375992057A3670024436E /* Icon-App-60x60@3x.png */ = {isa = PBXFileReference; lastKnownFileType = image.png; path = "Icon-App-60x60@3x.png"; sourceTree = "<group>"; };
		F923759A2057A3670024436E /* Icon-Small-50x50@1x.png */ = {isa = PBXFileReference; lastKnownFileType = image.png; path = "Icon-Small-50x50@1x.png"; sourceTree = "<group>"; };
		F923759B2057A3670024436E /* Icon-App-60x60@2x.png */ = {isa = PBXFileReference; lastKnownFileType = image.png; path = "Icon-App-60x60@2x.png"; sourceTree = "<group>"; };
		F923759C2057A3670024436E /* Icon-App-57x57@2x.png */ = {isa = PBXFileReference; lastKnownFileType = image.png; path = "Icon-App-57x57@2x.png"; sourceTree = "<group>"; };
		F923759D2057A3670024436E /* Icon-App-76x76@1x.png */ = {isa = PBXFileReference; lastKnownFileType = image.png; path = "Icon-App-76x76@1x.png"; sourceTree = "<group>"; };
		F923759E2057A3670024436E /* Icon-App-40x40@3x.png */ = {isa = PBXFileReference; lastKnownFileType = image.png; path = "Icon-App-40x40@3x.png"; sourceTree = "<group>"; };
		F923759F2057A3670024436E /* Icon-App-29x29@2x.png */ = {isa = PBXFileReference; lastKnownFileType = image.png; path = "Icon-App-29x29@2x.png"; sourceTree = "<group>"; };
		F92375A02057A3670024436E /* README.md */ = {isa = PBXFileReference; fileEncoding = 4; lastKnownFileType = net.daringfireball.markdown; path = README.md; sourceTree = "<group>"; };
		F935554A201200DE00268ECE /* Result.swift */ = {isa = PBXFileReference; lastKnownFileType = sourcecode.swift; path = Result.swift; sourceTree = "<group>"; };
		F94F3D841F4960E900509A42 /* huriwake.app */ = {isa = PBXFileReference; explicitFileType = wrapper.application; includeInIndex = 0; path = huriwake.app; sourceTree = BUILT_PRODUCTS_DIR; };
		F94F3D871F4960E900509A42 /* AppDelegate.swift */ = {isa = PBXFileReference; lastKnownFileType = sourcecode.swift; path = AppDelegate.swift; sourceTree = "<group>"; };
		F94F3D891F4960E900509A42 /* ViewController.swift */ = {isa = PBXFileReference; lastKnownFileType = sourcecode.swift; path = ViewController.swift; sourceTree = "<group>"; };
		F94F3D8C1F4960E900509A42 /* Base */ = {isa = PBXFileReference; lastKnownFileType = file.storyboard; name = Base; path = Base.lproj/Main.storyboard; sourceTree = "<group>"; };
		F94F3D8E1F4960E900509A42 /* Assets.xcassets */ = {isa = PBXFileReference; lastKnownFileType = folder.assetcatalog; path = Assets.xcassets; sourceTree = "<group>"; };
		F94F3D911F4960E900509A42 /* Base */ = {isa = PBXFileReference; lastKnownFileType = file.storyboard; name = Base; path = Base.lproj/LaunchScreen.storyboard; sourceTree = "<group>"; };
		F94F3D931F4960E900509A42 /* Info.plist */ = {isa = PBXFileReference; lastKnownFileType = text.plist.xml; path = Info.plist; sourceTree = "<group>"; };
		F94F3D991F49627900509A42 /* kekkaViewController.swift */ = {isa = PBXFileReference; fileEncoding = 4; lastKnownFileType = sourcecode.swift; path = kekkaViewController.swift; sourceTree = "<group>"; };
		F94F3D9B1F497CE900509A42 /* haikei.png */ = {isa = PBXFileReference; lastKnownFileType = image.png; path = haikei.png; sourceTree = "<group>"; };
		F971317E201A14C300FAD8AD /* CallenderViewController.swift */ = {isa = PBXFileReference; lastKnownFileType = sourcecode.swift; path = CallenderViewController.swift; sourceTree = "<group>"; };
		F992D0E81FDAA88F00C9B0ED /* DaychooseViewController.swift */ = {isa = PBXFileReference; lastKnownFileType = sourcecode.swift; path = DaychooseViewController.swift; sourceTree = "<group>"; };
/* End PBXFileReference section */

/* Begin PBXFrameworksBuildPhase section */
		F94F3D811F4960E900509A42 /* Frameworks */ = {
			isa = PBXFrameworksBuildPhase;
			buildActionMask = 2147483647;
			files = (
				8229F409F7EC5CB11C29E7B2 /* Pods_huriwake.framework in Frameworks */,
			);
			runOnlyForDeploymentPostprocessing = 0;
		};
/* End PBXFrameworksBuildPhase section */

/* Begin PBXGroup section */
		566C35D7047D9B69D2DA6F10 /* Pods */ = {
			isa = PBXGroup;
			children = (
				38972CD7962D3AFE037E1649 /* Pods-huriwake.debug.xcconfig */,
				52580C6391353FE0941D66B2 /* Pods-huriwake.release.xcconfig */,
			);
			name = Pods;
			sourceTree = "<group>";
		};
		F8FE8EB2D73BAB11BAD6BB0D /* Frameworks */ = {
			isa = PBXGroup;
			children = (
				1E9784C5040ACB29D17496A9 /* Pods_huriwake.framework */,
			);
			name = Frameworks;
			sourceTree = "<group>";
		};
		F92375852057A3670024436E /* ios */ = {
			isa = PBXGroup;
			children = (
				F92375872057A3670024436E /* AppIcon.appiconset */,
				F92375A02057A3670024436E /* README.md */,
			);
			path = ios;
			sourceTree = "<group>";
		};
		F92375872057A3670024436E /* AppIcon.appiconset */ = {
			isa = PBXGroup;
			children = (
				F92375882057A3670024436E /* Icon-App-57x57@1x.png */,
				F92375892057A3670024436E /* Icon-App-76x76@2x.png */,
				F923758A2057A3670024436E /* Icon-App-29x29@1x.png */,
				F923758B2057A3670024436E /* Icon-App-60x60@1x.png */,
				F923758C2057A3670024436E /* Icon-Small-50x50@2x.png */,
				F923758D2057A3670024436E /* Icon-App-40x40@1x.png */,
				F923758E2057A3670024436E /* Icon-App-76x76@3x.png */,
				F923758F2057A3670024436E /* Icon-App-72x72@1x.png */,
				F92375902057A3670024436E /* Icon-App-20x20@1x.png */,
				F92375912057A3670024436E /* Icon-App-83.5x83.5@2x.png */,
				F92375922057A3670024436E /* Icon-App-20x20@3x.png */,
				F92375932057A3670024436E /* ItunesArtwork@2x.png */,
				F92375942057A3670024436E /* Contents.json */,
				F92375952057A3670024436E /* Icon-App-20x20@2x.png */,
				F92375962057A3670024436E /* Icon-App-29x29@3x.png */,
				F92375972057A3670024436E /* Icon-App-40x40@2x.png */,
				F92375982057A3670024436E /* Icon-App-72x72@2x.png */,
				F92375992057A3670024436E /* Icon-App-60x60@3x.png */,
				F923759A2057A3670024436E /* Icon-Small-50x50@1x.png */,
				F923759B2057A3670024436E /* Icon-App-60x60@2x.png */,
				F923759C2057A3670024436E /* Icon-App-57x57@2x.png */,
				F923759D2057A3670024436E /* Icon-App-76x76@1x.png */,
				F923759E2057A3670024436E /* Icon-App-40x40@3x.png */,
				F923759F2057A3670024436E /* Icon-App-29x29@2x.png */,
			);
			path = AppIcon.appiconset;
			sourceTree = "<group>";
		};
		F94F3D7B1F4960E900509A42 = {
			isa = PBXGroup;
			children = (
				F94F3D861F4960E900509A42 /* huriwake */,
				F94F3D851F4960E900509A42 /* Products */,
				F8FE8EB2D73BAB11BAD6BB0D /* Frameworks */,
				566C35D7047D9B69D2DA6F10 /* Pods */,
			);
			sourceTree = "<group>";
		};
		F94F3D851F4960E900509A42 /* Products */ = {
			isa = PBXGroup;
			children = (
				F94F3D841F4960E900509A42 /* huriwake.app */,
			);
			name = Products;
			sourceTree = "<group>";
		};
		F94F3D861F4960E900509A42 /* huriwake */ = {
			isa = PBXGroup;
			children = (
				F923757B2052868E0024436E /* icon2.png */,
				F9237579205285D30024436E /* icon1.png */,
				F923757320525D580024436E /* icon.png */,
				F92375852057A3670024436E /* ios */,
				F94F3D9B1F497CE900509A42 /* haikei.png */,
				F92375832052DE340024436E /* MyTabBarController.swift */,
				F94F3D871F4960E900509A42 /* AppDelegate.swift */,
				F94F3D891F4960E900509A42 /* ViewController.swift */,
				F94F3D991F49627900509A42 /* kekkaViewController.swift */,
				F94F3D8B1F4960E900509A42 /* Main.storyboard */,
				F94F3D8E1F4960E900509A42 /* Assets.xcassets */,
				F94F3D901F4960E900509A42 /* LaunchScreen.storyboard */,
				F94F3D931F4960E900509A42 /* Info.plist */,
				F992D0E81FDAA88F00C9B0ED /* DaychooseViewController.swift */,
				F935554A201200DE00268ECE /* Result.swift */,
				F971317E201A14C300FAD8AD /* CallenderViewController.swift */,
			);
			path = huriwake;
			sourceTree = "<group>";
		};
/* End PBXGroup section */

/* Begin PBXNativeTarget section */
		F94F3D831F4960E900509A42 /* huriwake */ = {
			isa = PBXNativeTarget;
			buildConfigurationList = F94F3D961F4960E900509A42 /* Build configuration list for PBXNativeTarget "huriwake" */;
			buildPhases = (
				A47B36787058A90AA0AF1DD5 /* [CP] Check Pods Manifest.lock */,
				F94F3D801F4960E900509A42 /* Sources */,
				F94F3D811F4960E900509A42 /* Frameworks */,
				F94F3D821F4960E900509A42 /* Resources */,
				5E843ACEABAF1934274E210F /* [CP] Embed Pods Frameworks */,
				79C2550EBCDFF6CEA2F9F9DB /* [CP] Copy Pods Resources */,
			);
			buildRules = (
			);
			dependencies = (
			);
			name = huriwake;
			productName = huriwake;
			productReference = F94F3D841F4960E900509A42 /* huriwake.app */;
			productType = "com.apple.product-type.application";
		};
/* End PBXNativeTarget section */

/* Begin PBXProject section */
		F94F3D7C1F4960E900509A42 /* Project object */ = {
			isa = PBXProject;
			attributes = {
				LastSwiftUpdateCheck = 0830;
				LastUpgradeCheck = 0900;
				ORGANIZATIONNAME = "森田貴帆";
				TargetAttributes = {
					F94F3D831F4960E900509A42 = {
						CreatedOnToolsVersion = 8.3.3;
						DevelopmentTeam = ZVZD8MF8UT;
						LastSwiftMigration = 0900;
						ProvisioningStyle = Automatic;
					};
				};
			};
			buildConfigurationList = F94F3D7F1F4960E900509A42 /* Build configuration list for PBXProject "huriwake" */;
			compatibilityVersion = "Xcode 3.2";
			developmentRegion = English;
			hasScannedForEncodings = 0;
			knownRegions = (
				en,
				Base,
			);
			mainGroup = F94F3D7B1F4960E900509A42;
			productRefGroup = F94F3D851F4960E900509A42 /* Products */;
			projectDirPath = "";
			projectRoot = "";
			targets = (
				F94F3D831F4960E900509A42 /* huriwake */,
			);
		};
/* End PBXProject section */

/* Begin PBXResourcesBuildPhase section */
		F94F3D821F4960E900509A42 /* Resources */ = {
			isa = PBXResourcesBuildPhase;
			buildActionMask = 2147483647;
			files = (
				F94F3D9C1F497CE900509A42 /* haikei.png in Resources */,
				F923757420525D590024436E /* icon.png in Resources */,
				F92375AA2057A3670024436E /* Icon-App-76x76@3x.png in Resources */,
				F92375A52057A3670024436E /* Icon-App-76x76@2x.png in Resources */,
				F92375BB2057A3670024436E /* Icon-App-29x29@2x.png in Resources */,
				F92375A42057A3670024436E /* Icon-App-57x57@1x.png in Resources */,
				F92375AE2057A3670024436E /* Icon-App-20x20@3x.png in Resources */,
				F92375B32057A3670024436E /* Icon-App-40x40@2x.png in Resources */,
				F92375BC2057A3670024436E /* README.md in Resources */,
				F92375A82057A3670024436E /* Icon-Small-50x50@2x.png in Resources */,
				F92375B12057A3670024436E /* Icon-App-20x20@2x.png in Resources */,
				F92375B72057A3670024436E /* Icon-App-60x60@2x.png in Resources */,
				F923757A205285D30024436E /* icon1.png in Resources */,
				F92375AC2057A3670024436E /* Icon-App-20x20@1x.png in Resources */,
				F92375B62057A3670024436E /* Icon-Small-50x50@1x.png in Resources */,
				F92375A62057A3670024436E /* Icon-App-29x29@1x.png in Resources */,
				F92375AD2057A3670024436E /* Icon-App-83.5x83.5@2x.png in Resources */,
				F94F3D921F4960E900509A42 /* LaunchScreen.storyboard in Resources */,
				F92375B92057A3670024436E /* Icon-App-76x76@1x.png in Resources */,
				F92375A92057A3670024436E /* Icon-App-40x40@1x.png in Resources */,
				F92375B22057A3670024436E /* Icon-App-29x29@3x.png in Resources */,
				F94F3D8F1F4960E900509A42 /* Assets.xcassets in Resources */,
				F92375A72057A3670024436E /* Icon-App-60x60@1x.png in Resources */,
				F92375B52057A3670024436E /* Icon-App-60x60@3x.png in Resources */,
				F923757C2052868E0024436E /* icon2.png in Resources */,
				F94F3D8D1F4960E900509A42 /* Main.storyboard in Resources */,
				F92375AB2057A3670024436E /* Icon-App-72x72@1x.png in Resources */,
				F92375BA2057A3670024436E /* Icon-App-40x40@3x.png in Resources */,
				F92375B42057A3670024436E /* Icon-App-72x72@2x.png in Resources */,
				F92375AF2057A3670024436E /* ItunesArtwork@2x.png in Resources */,
				F92375B02057A3670024436E /* Contents.json in Resources */,
				F92375B82057A3670024436E /* Icon-App-57x57@2x.png in Resources */,
			);
			runOnlyForDeploymentPostprocessing = 0;
		};
/* End PBXResourcesBuildPhase section */

/* Begin PBXShellScriptBuildPhase section */
		5E843ACEABAF1934274E210F /* [CP] Embed Pods Frameworks */ = {
			isa = PBXShellScriptBuildPhase;
			buildActionMask = 2147483647;
			files = (
			);
			inputPaths = (
				"${SRCROOT}/Pods/Target Support Files/Pods-huriwake/Pods-huriwake-frameworks.sh",
				"${BUILT_PRODUCTS_DIR}/FSCalendar/FSCalendar.framework",
				"${BUILT_PRODUCTS_DIR}/Realm/Realm.framework",
				"${BUILT_PRODUCTS_DIR}/RealmSwift/RealmSwift.framework",
			);
			name = "[CP] Embed Pods Frameworks";
			outputPaths = (
				"${TARGET_BUILD_DIR}/${FRAMEWORKS_FOLDER_PATH}/FSCalendar.framework",
				"${TARGET_BUILD_DIR}/${FRAMEWORKS_FOLDER_PATH}/Realm.framework",
				"${TARGET_BUILD_DIR}/${FRAMEWORKS_FOLDER_PATH}/RealmSwift.framework",
			);
			runOnlyForDeploymentPostprocessing = 0;
			shellPath = /bin/sh;
			shellScript = "\"${SRCROOT}/Pods/Target Support Files/Pods-huriwake/Pods-huriwake-frameworks.sh\"\n";
			showEnvVarsInLog = 0;
		};
		79C2550EBCDFF6CEA2F9F9DB /* [CP] Copy Pods Resources */ = {
			isa = PBXShellScriptBuildPhase;
			buildActionMask = 2147483647;
			files = (
			);
			inputPaths = (
			);
			name = "[CP] Copy Pods Resources";
			outputPaths = (
			);
			runOnlyForDeploymentPostprocessing = 0;
			shellPath = /bin/sh;
			shellScript = "\"${SRCROOT}/Pods/Target Support Files/Pods-huriwake/Pods-huriwake-resources.sh\"\n";
			showEnvVarsInLog = 0;
		};
		A47B36787058A90AA0AF1DD5 /* [CP] Check Pods Manifest.lock */ = {
			isa = PBXShellScriptBuildPhase;
			buildActionMask = 2147483647;
			files = (
			);
			inputPaths = (
				"${PODS_PODFILE_DIR_PATH}/Podfile.lock",
				"${PODS_ROOT}/Manifest.lock",
			);
			name = "[CP] Check Pods Manifest.lock";
			outputPaths = (
				"$(DERIVED_FILE_DIR)/Pods-huriwake-checkManifestLockResult.txt",
			);
			runOnlyForDeploymentPostprocessing = 0;
			shellPath = /bin/sh;
			shellScript = "diff \"${PODS_PODFILE_DIR_PATH}/Podfile.lock\" \"${PODS_ROOT}/Manifest.lock\" > /dev/null\nif [ $? != 0 ] ; then\n    # print error to STDERR\n    echo \"error: The sandbox is not in sync with the Podfile.lock. Run 'pod install' or update your CocoaPods installation.\" >&2\n    exit 1\nfi\n# This output is used by Xcode 'outputs' to avoid re-running this script phase.\necho \"SUCCESS\" > \"${SCRIPT_OUTPUT_FILE_0}\"\n";
			showEnvVarsInLog = 0;
		};
/* End PBXShellScriptBuildPhase section */

/* Begin PBXSourcesBuildPhase section */
		F94F3D801F4960E900509A42 /* Sources */ = {
			isa = PBXSourcesBuildPhase;
			buildActionMask = 2147483647;
			files = (
				F94F3D9A1F49627900509A42 /* kekkaViewController.swift in Sources */,
				F935554B201200DE00268ECE /* Result.swift in Sources */,
				F94F3D8A1F4960E900509A42 /* ViewController.swift in Sources */,
				F971317F201A14C300FAD8AD /* CallenderViewController.swift in Sources */,
				F94F3D881F4960E900509A42 /* AppDelegate.swift in Sources */,
				F992D0E91FDAA88F00C9B0ED /* DaychooseViewController.swift in Sources */,
				F92375842052DE340024436E /* MyTabBarController.swift in Sources */,
			);
			runOnlyForDeploymentPostprocessing = 0;
		};
/* End PBXSourcesBuildPhase section */

/* Begin PBXVariantGroup section */
		F94F3D8B1F4960E900509A42 /* Main.storyboard */ = {
			isa = PBXVariantGroup;
			children = (
				F94F3D8C1F4960E900509A42 /* Base */,
			);
			name = Main.storyboard;
			sourceTree = "<group>";
		};
		F94F3D901F4960E900509A42 /* LaunchScreen.storyboard */ = {
			isa = PBXVariantGroup;
			children = (
				F94F3D911F4960E900509A42 /* Base */,
			);
			name = LaunchScreen.storyboard;
			sourceTree = "<group>";
		};
/* End PBXVariantGroup section */

/* Begin XCBuildConfiguration section */
		F94F3D941F4960E900509A42 /* Debug */ = {
			isa = XCBuildConfiguration;
			buildSettings = {
				ALWAYS_SEARCH_USER_PATHS = NO;
				CLANG_ANALYZER_NONNULL = YES;
				CLANG_ANALYZER_NUMBER_OBJECT_CONVERSION = YES_AGGRESSIVE;
				CLANG_CXX_LANGUAGE_STANDARD = "gnu++0x";
				CLANG_CXX_LIBRARY = "libc++";
				CLANG_ENABLE_MODULES = YES;
				CLANG_ENABLE_OBJC_ARC = YES;
				CLANG_WARN_BLOCK_CAPTURE_AUTORELEASING = YES;
				CLANG_WARN_BOOL_CONVERSION = YES;
				CLANG_WARN_COMMA = YES;
				CLANG_WARN_CONSTANT_CONVERSION = YES;
				CLANG_WARN_DIRECT_OBJC_ISA_USAGE = YES_ERROR;
				CLANG_WARN_DOCUMENTATION_COMMENTS = YES;
				CLANG_WARN_EMPTY_BODY = YES;
				CLANG_WARN_ENUM_CONVERSION = YES;
				CLANG_WARN_INFINITE_RECURSION = YES;
				CLANG_WARN_INT_CONVERSION = YES;
				CLANG_WARN_NON_LITERAL_NULL_CONVERSION = YES;
				CLANG_WARN_OBJC_LITERAL_CONVERSION = YES;
				CLANG_WARN_OBJC_ROOT_CLASS = YES_ERROR;
				CLANG_WARN_RANGE_LOOP_ANALYSIS = YES;
				CLANG_WARN_STRICT_PROTOTYPES = YES;
				CLANG_WARN_SUSPICIOUS_MOVE = YES;
				CLANG_WARN_UNREACHABLE_CODE = YES;
				CLANG_WARN__DUPLICATE_METHOD_MATCH = YES;
				"CODE_SIGN_IDENTITY[sdk=iphoneos*]" = "iPhone Developer";
				COPY_PHASE_STRIP = NO;
				DEBUG_INFORMATION_FORMAT = dwarf;
				ENABLE_STRICT_OBJC_MSGSEND = YES;
				ENABLE_TESTABILITY = YES;
				GCC_C_LANGUAGE_STANDARD = gnu99;
				GCC_DYNAMIC_NO_PIC = NO;
				GCC_NO_COMMON_BLOCKS = YES;
				GCC_OPTIMIZATION_LEVEL = 0;
				GCC_PREPROCESSOR_DEFINITIONS = (
					"DEBUG=1",
					"$(inherited)",
				);
				GCC_WARN_64_TO_32_BIT_CONVERSION = YES;
				GCC_WARN_ABOUT_RETURN_TYPE = YES_ERROR;
				GCC_WARN_UNDECLARED_SELECTOR = YES;
				GCC_WARN_UNINITIALIZED_AUTOS = YES_AGGRESSIVE;
				GCC_WARN_UNUSED_FUNCTION = YES;
				GCC_WARN_UNUSED_VARIABLE = YES;
				IPHONEOS_DEPLOYMENT_TARGET = 10.3;
				MTL_ENABLE_DEBUG_INFO = YES;
				ONLY_ACTIVE_ARCH = YES;
				SDKROOT = iphoneos;
				SWIFT_ACTIVE_COMPILATION_CONDITIONS = DEBUG;
				SWIFT_OPTIMIZATION_LEVEL = "-Onone";
				SWIFT_VERSION = 4.0;
			};
			name = Debug;
		};
		F94F3D951F4960E900509A42 /* Release */ = {
			isa = XCBuildConfiguration;
			buildSettings = {
				ALWAYS_SEARCH_USER_PATHS = NO;
				CLANG_ANALYZER_NONNULL = YES;
				CLANG_ANALYZER_NUMBER_OBJECT_CONVERSION = YES_AGGRESSIVE;
				CLANG_CXX_LANGUAGE_STANDARD = "gnu++0x";
				CLANG_CXX_LIBRARY = "libc++";
				CLANG_ENABLE_MODULES = YES;
				CLANG_ENABLE_OBJC_ARC = YES;
				CLANG_WARN_BLOCK_CAPTURE_AUTORELEASING = YES;
				CLANG_WARN_BOOL_CONVERSION = YES;
				CLANG_WARN_COMMA = YES;
				CLANG_WARN_CONSTANT_CONVERSION = YES;
				CLANG_WARN_DIRECT_OBJC_ISA_USAGE = YES_ERROR;
				CLANG_WARN_DOCUMENTATION_COMMENTS = YES;
				CLANG_WARN_EMPTY_BODY = YES;
				CLANG_WARN_ENUM_CONVERSION = YES;
				CLANG_WARN_INFINITE_RECURSION = YES;
				CLANG_WARN_INT_CONVERSION = YES;
				CLANG_WARN_NON_LITERAL_NULL_CONVERSION = YES;
				CLANG_WARN_OBJC_LITERAL_CONVERSION = YES;
				CLANG_WARN_OBJC_ROOT_CLASS = YES_ERROR;
				CLANG_WARN_RANGE_LOOP_ANALYSIS = YES;
				CLANG_WARN_STRICT_PROTOTYPES = YES;
				CLANG_WARN_SUSPICIOUS_MOVE = YES;
				CLANG_WARN_UNREACHABLE_CODE = YES;
				CLANG_WARN__DUPLICATE_METHOD_MATCH = YES;
				"CODE_SIGN_IDENTITY[sdk=iphoneos*]" = "iPhone Developer";
				COPY_PHASE_STRIP = NO;
				DEBUG_INFORMATION_FORMAT = "dwarf-with-dsym";
				ENABLE_NS_ASSERTIONS = NO;
				ENABLE_STRICT_OBJC_MSGSEND = YES;
				GCC_C_LANGUAGE_STANDARD = gnu99;
				GCC_NO_COMMON_BLOCKS = YES;
				GCC_WARN_64_TO_32_BIT_CONVERSION = YES;
				GCC_WARN_ABOUT_RETURN_TYPE = YES_ERROR;
				GCC_WARN_UNDECLARED_SELECTOR = YES;
				GCC_WARN_UNINITIALIZED_AUTOS = YES_AGGRESSIVE;
				GCC_WARN_UNUSED_FUNCTION = YES;
				GCC_WARN_UNUSED_VARIABLE = YES;
				IPHONEOS_DEPLOYMENT_TARGET = 10.3;
				MTL_ENABLE_DEBUG_INFO = NO;
				SDKROOT = iphoneos;
				SWIFT_OPTIMIZATION_LEVEL = "-Owholemodule";
				SWIFT_VERSION = 4.0;
				VALIDATE_PRODUCT = YES;
			};
			name = Release;
		};
		F94F3D971F4960E900509A42 /* Debug */ = {
			isa = XCBuildConfiguration;
			baseConfigurationReference = 38972CD7962D3AFE037E1649 /* Pods-huriwake.debug.xcconfig */;
			buildSettings = {
				ASSETCATALOG_COMPILER_APPICON_NAME = AppIcon;
				DEVELOPMENT_TEAM = ZVZD8MF8UT;
				INFOPLIST_FILE = huriwake/Info.plist;
				LD_RUNPATH_SEARCH_PATHS = "$(inherited) @executable_path/Frameworks";
				PRODUCT_BUNDLE_IDENTIFIER = com.kiho.furiwake;
				PRODUCT_NAME = "$(TARGET_NAME)";
				SWIFT_SWIFT3_OBJC_INFERENCE = On;
				SWIFT_VERSION = 4.0;
			};
			name = Debug;
		};
		F94F3D981F4960E900509A42 /* Release */ = {
			isa = XCBuildConfiguration;
			baseConfigurationReference = 52580C6391353FE0941D66B2 /* Pods-huriwake.release.xcconfig */;
			buildSettings = {
				ASSETCATALOG_COMPILER_APPICON_NAME = AppIcon;
				DEVELOPMENT_TEAM = ZVZD8MF8UT;
				INFOPLIST_FILE = huriwake/Info.plist;
				LD_RUNPATH_SEARCH_PATHS = "$(inherited) @executable_path/Frameworks";
				PRODUCT_BUNDLE_IDENTIFIER = com.kiho.furiwake;
				PRODUCT_NAME = "$(TARGET_NAME)";
				SWIFT_SWIFT3_OBJC_INFERENCE = On;
				SWIFT_VERSION = 4.0;
			};
			name = Release;
		};
/* End XCBuildConfiguration section */

/* Begin XCConfigurationList section */
		F94F3D7F1F4960E900509A42 /* Build configuration list for PBXProject "huriwake" */ = {
			isa = XCConfigurationList;
			buildConfigurations = (
				F94F3D941F4960E900509A42 /* Debug */,
				F94F3D951F4960E900509A42 /* Release */,
			);
			defaultConfigurationIsVisible = 0;
			defaultConfigurationName = Release;
		};
		F94F3D961F4960E900509A42 /* Build configuration list for PBXNativeTarget "huriwake" */ = {
			isa = XCConfigurationList;
			buildConfigurations = (
				F94F3D971F4960E900509A42 /* Debug */,
				F94F3D981F4960E900509A42 /* Release */,
			);
			defaultConfigurationIsVisible = 0;
			defaultConfigurationName = Release;
		};
/* End XCConfigurationList section */
	};
	rootObject = F94F3D7C1F4960E900509A42 /* Project object */;
}
